// !$*UTF8*$!
{
	archiveVersion = 1;
	classes = {
	};
	objectVersion = 46;
	objects = {

/* Begin PBXBuildFile section */
		D4E859D21A7F188600F4DE19 /* AppDelegate.swift in Sources */ = {isa = PBXBuildFile; fileRef = D4E859D11A7F188600F4DE19 /* AppDelegate.swift */; };
		D4E859D41A7F188600F4DE19 /* ViewController.swift in Sources */ = {isa = PBXBuildFile; fileRef = D4E859D31A7F188600F4DE19 /* ViewController.swift */; };
		D4E859D71A7F188600F4DE19 /* Main.storyboard in Resources */ = {isa = PBXBuildFile; fileRef = D4E859D51A7F188600F4DE19 /* Main.storyboard */; };
		D4E859D91A7F188600F4DE19 /* Images.xcassets in Resources */ = {isa = PBXBuildFile; fileRef = D4E859D81A7F188600F4DE19 /* Images.xcassets */; };
		D4E859DC1A7F188600F4DE19 /* LaunchScreen.xib in Resources */ = {isa = PBXBuildFile; fileRef = D4E859DA1A7F188600F4DE19 /* LaunchScreen.xib */; };
		D4E859E81A7F188600F4DE19 /* Cai_Su_ShuTests.swift in Sources */ = {isa = PBXBuildFile; fileRef = D4E859E71A7F188600F4DE19 /* Cai_Su_ShuTests.swift */; };
/* End PBXBuildFile section */

/* Begin PBXContainerItemProxy section */
		D4E859E21A7F188600F4DE19 /* PBXContainerItemProxy */ = {
			isa = PBXContainerItemProxy;
			containerPortal = D4E859C41A7F188600F4DE19 /* Project object */;
			proxyType = 1;
			remoteGlobalIDString = D4E859CB1A7F188600F4DE19;
			remoteInfo = "Cai Su Shu";
		};
/* End PBXContainerItemProxy section */

/* Begin PBXFileReference section */
		D4E859CC1A7F188600F4DE19 /* Cai Su Shu.app */ = {isa = PBXFileReference; explicitFileType = wrapper.application; includeInIndex = 0; path = "Cai Su Shu.app"; sourceTree = BUILT_PRODUCTS_DIR; };
		D4E859D01A7F188600F4DE19 /* Info.plist */ = {isa = PBXFileReference; lastKnownFileType = text.plist.xml; path = Info.plist; sourceTree = "<group>"; };
		D4E859D11A7F188600F4DE19 /* AppDelegate.swift */ = {isa = PBXFileReference; lastKnownFileType = sourcecode.swift; path = AppDelegate.swift; sourceTree = "<group>"; };
		D4E859D31A7F188600F4DE19 /* ViewController.swift */ = {isa = PBXFileReference; lastKnownFileType = sourcecode.swift; path = ViewController.swift; sourceTree = "<group>"; };
		D4E859D61A7F188600F4DE19 /* Base */ = {isa = PBXFileReference; lastKnownFileType = file.storyboard; name = Base; path = Base.lproj/Main.storyboard; sourceTree = "<group>"; };
		D4E859D81A7F188600F4DE19 /* Images.xcassets */ = {isa = PBXFileReference; lastKnownFileType = folder.assetcatalog; path = Images.xcassets; sourceTree = "<group>"; };
		D4E859DB1A7F188600F4DE19 /* Base */ = {isa = PBXFileReference; lastKnownFileType = file.xib; name = Base; path = Base.lproj/LaunchScreen.xib; sourceTree = "<group>"; };
		D4E859E11A7F188600F4DE19 /* Cai Su ShuTests.xctest */ = {isa = PBXFileReference; explicitFileType = wrapper.cfbundle; includeInIndex = 0; path = "Cai Su ShuTests.xctest"; sourceTree = BUILT_PRODUCTS_DIR; };
		D4E859E61A7F188600F4DE19 /* Info.plist */ = {isa = PBXFileReference; lastKnownFileType = text.plist.xml; path = Info.plist; sourceTree = "<group>"; };
		D4E859E71A7F188600F4DE19 /* Cai_Su_ShuTests.swift */ = {isa = PBXFileReference; lastKnownFileType = sourcecode.swift; path = Cai_Su_ShuTests.swift; sourceTree = "<group>"; };
/* End PBXFileReference section */

/* Begin PBXFrameworksBuildPhase section */
		D4E859C91A7F188600F4DE19 /* Frameworks */ = {
			isa = PBXFrameworksBuildPhase;
			buildActionMask = 2147483647;
			files = (
			);
			runOnlyForDeploymentPostprocessing = 0;
		};
		D4E859DE1A7F188600F4DE19 /* Frameworks */ = {
			isa = PBXFrameworksBuildPhase;
			buildActionMask = 2147483647;
			files = (
			);
			runOnlyForDeploymentPostprocessing = 0;
		};
/* End PBXFrameworksBuildPhase section */

/* Begin PBXGroup section */
		D4E859C31A7F188600F4DE19 = {
			isa = PBXGroup;
			children = (
				D4E859CE1A7F188600F4DE19 /* Cai Su Shu */,
				D4E859E41A7F188600F4DE19 /* Cai Su ShuTests */,
				D4E859CD1A7F188600F4DE19 /* Products */,
			);
			sourceTree = "<group>";
		};
		D4E859CD1A7F188600F4DE19 /* Products */ = {
			isa = PBXGroup;
			children = (
				D4E859CC1A7F188600F4DE19 /* Cai Su Shu.app */,
				D4E859E11A7F188600F4DE19 /* Cai Su ShuTests.xctest */,
			);
			name = Products;
			sourceTree = "<group>";
		};
		D4E859CE1A7F188600F4DE19 /* Cai Su Shu */ = {
			isa = PBXGroup;
			children = (
				D4E859D11A7F188600F4DE19 /* AppDelegate.swift */,
				D4E859D31A7F188600F4DE19 /* ViewController.swift */,
				D4E859D51A7F188600F4DE19 /* Main.storyboard */,
				D4E859D81A7F188600F4DE19 /* Images.xcassets */,
				D4E859DA1A7F188600F4DE19 /* LaunchScreen.xib */,
				D4E859CF1A7F188600F4DE19 /* Supporting Files */,
			);
			path = "Cai Su Shu";
			sourceTree = "<group>";
		};
		D4E859CF1A7F188600F4DE19 /* Supporting Files */ = {
			isa = PBXGroup;
			children = (
				D4E859D01A7F188600F4DE19 /* Info.plist */,
			);
			name = "Supporting Files";
			sourceTree = "<group>";
		};
		D4E859E41A7F188600F4DE19 /* Cai Su ShuTests */ = {
			isa = PBXGroup;
			children = (
				D4E859E71A7F188600F4DE19 /* Cai_Su_ShuTests.swift */,
				D4E859E51A7F188600F4DE19 /* Supporting Files */,
			);
			path = "Cai Su ShuTests";
			sourceTree = "<group>";
		};
		D4E859E51A7F188600F4DE19 /* Supporting Files */ = {
			isa = PBXGroup;
			children = (
				D4E859E61A7F188600F4DE19 /* Info.plist */,
			);
			name = "Supporting Files";
			sourceTree = "<group>";
		};
/* End PBXGroup section */

/* Begin PBXNativeTarget section */
		D4E859CB1A7F188600F4DE19 /* Cai Su Shu */ = {
			isa = PBXNativeTarget;
			buildConfigurationList = D4E859EB1A7F188600F4DE19 /* Build configuration list for PBXNativeTarget "Cai Su Shu" */;
			buildPhases = (
				D4E859C81A7F188600F4DE19 /* Sources */,
				D4E859C91A7F188600F4DE19 /* Frameworks */,
				D4E859CA1A7F188600F4DE19 /* Resources */,
			);
			buildRules = (
			);
			dependencies = (
			);
			name = "Cai Su Shu";
			productName = "Cai Su Shu";
			productReference = D4E859CC1A7F188600F4DE19 /* Cai Su Shu.app */;
			productType = "com.apple.product-type.application";
		};
		D4E859E01A7F188600F4DE19 /* Cai Su ShuTests */ = {
			isa = PBXNativeTarget;
			buildConfigurationList = D4E859EE1A7F188600F4DE19 /* Build configuration list for PBXNativeTarget "Cai Su ShuTests" */;
			buildPhases = (
				D4E859DD1A7F188600F4DE19 /* Sources */,
				D4E859DE1A7F188600F4DE19 /* Frameworks */,
				D4E859DF1A7F188600F4DE19 /* Resources */,
			);
			buildRules = (
			);
			dependencies = (
				D4E859E31A7F188600F4DE19 /* PBXTargetDependency */,
			);
			name = "Cai Su ShuTests";
			productName = "Cai Su ShuTests";
			productReference = D4E859E11A7F188600F4DE19 /* Cai Su ShuTests.xctest */;
			productType = "com.apple.product-type.bundle.unit-test";
		};
/* End PBXNativeTarget section */

/* Begin PBXProject section */
		D4E859C41A7F188600F4DE19 /* Project object */ = {
			isa = PBXProject;
			attributes = {
				LastUpgradeCheck = 0610;
				ORGANIZATIONNAME = "池菲暄";
				TargetAttributes = {
					D4E859CB1A7F188600F4DE19 = {
						CreatedOnToolsVersion = 6.1.1;
					};
					D4E859E01A7F188600F4DE19 = {
						CreatedOnToolsVersion = 6.1.1;
						TestTargetID = D4E859CB1A7F188600F4DE19;
					};
				};
			};
			buildConfigurationList = D4E859C71A7F188600F4DE19 /* Build configuration list for PBXProject "Cai Su Shu" */;
			compatibilityVersion = "Xcode 3.2";
			developmentRegion = English;
			hasScannedForEncodings = 0;
			knownRegions = (
				en,
				Base,
			);
			mainGroup = D4E859C31A7F188600F4DE19;
			productRefGroup = D4E859CD1A7F188600F4DE19 /* Products */;
			projectDirPath = "";
			projectRoot = "";
			targets = (
				D4E859CB1A7F188600F4DE19 /* Cai Su Shu */,
				D4E859E01A7F188600F4DE19 /* Cai Su ShuTests */,
			);
		};
/* End PBXProject section */

/* Begin PBXResourcesBuildPhase section */
		D4E859CA1A7F188600F4DE19 /* Resources */ = {
			isa = PBXResourcesBuildPhase;
			buildActionMask = 2147483647;
			files = (
				D4E859D71A7F188600F4DE19 /* Main.storyboard in Resources */,
				D4E859DC1A7F188600F4DE19 /* LaunchScreen.xib in Resources */,
				D4E859D91A7F188600F4DE19 /* Images.xcassets in Resources */,
			);
			runOnlyForDeploymentPostprocessing = 0;
		};
		D4E859DF1A7F188600F4DE19 /* Resources */ = {
			isa = PBXResourcesBuildPhase;
			buildActionMask = 2147483647;
			files = (
			);
			runOnlyForDeploymentPostprocessing = 0;
		};
/* End PBXResourcesBuildPhase section */

/* Begin PBXSourcesBuildPhase section */
		D4E859C81A7F188600F4DE19 /* Sources */ = {
			isa = PBXSourcesBuildPhase;
			buildActionMask = 2147483647;
			files = (
				D4E859D41A7F188600F4DE19 /* ViewController.swift in Sources */,
				D4E859D21A7F188600F4DE19 /* AppDelegate.swift in Sources */,
			);
			runOnlyForDeploymentPostprocessing = 0;
		};
		D4E859DD1A7F188600F4DE19 /* Sources */ = {
			isa = PBXSourcesBuildPhase;
			buildActionMask = 2147483647;
			files = (
				D4E859E81A7F188600F4DE19 /* Cai_Su_ShuTests.swift in Sources */,
			);
			runOnlyForDeploymentPostprocessing = 0;
		};
/* End PBXSourcesBuildPhase section */

/* Begin PBXTargetDependency section */
		D4E859E31A7F188600F4DE19 /* PBXTargetDependency */ = {
			isa = PBXTargetDependency;
			target = D4E859CB1A7F188600F4DE19 /* Cai Su Shu */;
			targetProxy = D4E859E21A7F188600F4DE19 /* PBXContainerItemProxy */;
		};
/* End PBXTargetDependency section */

/* Begin PBXVariantGroup section */
		D4E859D51A7F188600F4DE19 /* Main.storyboard */ = {
			isa = PBXVariantGroup;
			children = (
				D4E859D61A7F188600F4DE19 /* Base */,
			);
			name = Main.storyboard;
			sourceTree = "<group>";
		};
		D4E859DA1A7F188600F4DE19 /* LaunchScreen.xib */ = {
			isa = PBXVariantGroup;
			children = (
				D4E859DB1A7F188600F4DE19 /* Base */,
			);
			name = LaunchScreen.xib;
			sourceTree = "<group>";
		};
/* End PBXVariantGroup section */

/* Begin XCBuildConfiguration section */
		D4E859E91A7F188600F4DE19 /* Debug */ = {
			isa = XCBuildConfiguration;
			buildSettings = {
				ALWAYS_SEARCH_USER_PATHS = NO;
				CLANG_CXX_LANGUAGE_STANDARD = "gnu++0x";
				CLANG_CXX_LIBRARY = "libc++";
				CLANG_ENABLE_MODULES = YES;
				CLANG_ENABLE_OBJC_ARC = YES;
				CLANG_WARN_BOOL_CONVERSION = YES;
				CLANG_WARN_CONSTANT_CONVERSION = YES;
				CLANG_WARN_DIRECT_OBJC_ISA_USAGE = YES_ERROR;
				CLANG_WARN_EMPTY_BODY = YES;
				CLANG_WARN_ENUM_CONVERSION = YES;
				CLANG_WARN_INT_CONVERSION = YES;
				CLANG_WARN_OBJC_ROOT_CLASS = YES_ERROR;
				CLANG_WARN_UNREACHABLE_CODE = YES;
				CLANG_WARN__DUPLICATE_METHOD_MATCH = YES;
				"CODE_SIGN_IDENTITY[sdk=iphoneos*]" = "iPhone Developer";
				COPY_PHASE_STRIP = NO;
				ENABLE_STRICT_OBJC_MSGSEND = YES;
				GCC_C_LANGUAGE_STANDARD = gnu99;
				GCC_DYNAMIC_NO_PIC = NO;
				GCC_OPTIMIZATION_LEVEL = 0;
				GCC_PREPROCESSOR_DEFINITIONS = (
					"DEBUG=1",
					"$(inherited)",
				);
				GCC_SYMBOLS_PRIVATE_EXTERN = NO;
				GCC_WARN_64_TO_32_BIT_CONVERSION = YES;
				GCC_WARN_ABOUT_RETURN_TYPE = YES_ERROR;
				GCC_WARN_UNDECLARED_SELECTOR = YES;
				GCC_WARN_UNINITIALIZED_AUTOS = YES_AGGRESSIVE;
				GCC_WARN_UNUSED_FUNCTION = YES;
				GCC_WARN_UNUSED_VARIABLE = YES;
				IPHONEOS_DEPLOYMENT_TARGET = 8.1;
				MTL_ENABLE_DEBUG_INFO = YES;
				ONLY_ACTIVE_ARCH = YES;
				SDKROOT = iphoneos;
				SWIFT_OPTIMIZATION_LEVEL = "-Onone";
			};
			name = Debug;
		};
		D4E859EA1A7F188600F4DE19 /* Release */ = {
			isa = XCBuildConfiguration;
			buildSettings = {
				ALWAYS_SEARCH_USER_PATHS = NO;
				CLANG_CXX_LANGUAGE_STANDARD = "gnu++0x";
				CLANG_CXX_LIBRARY = "libc++";
				CLANG_ENABLE_MODULES = YES;
				CLANG_ENABLE_OBJC_ARC = YES;
				CLANG_WARN_BOOL_CONVERSION = YES;
				CLANG_WARN_CONSTANT_CONVERSION = YES;
				CLANG_WARN_DIRECT_OBJC_ISA_USAGE = YES_ERROR;
				CLANG_WARN_EMPTY_BODY = YES;
				CLANG_WARN_ENUM_CONVERSION = YES;
				CLANG_WARN_INT_CONVERSION = YES;
				CLANG_WARN_OBJC_ROOT_CLASS = YES_ERROR;
				CLANG_WARN_UNREACHABLE_CODE = YES;
				CLANG_WARN__DUPLICATE_METHOD_MATCH = YES;
				"CODE_SIGN_IDENTITY[sdk=iphoneos*]" = "iPhone Developer";
				COPY_PHASE_STRIP = YES;
				ENABLE_NS_ASSERTIONS = NO;
				ENABLE_STRICT_OBJC_MSGSEND = YES;
				GCC_C_LANGUAGE_STANDARD = gnu99;
				GCC_WARN_64_TO_32_BIT_CONVERSION = YES;
				GCC_WARN_ABOUT_RETURN_TYPE = YES_ERROR;
				GCC_WARN_UNDECLARED_SELECTOR = YES;
				GCC_WARN_UNINITIALIZED_AUTOS = YES_AGGRESSIVE;
				GCC_WARN_UNUSED_FUNCTION = YES;
				GCC_WARN_UNUSED_VARIABLE = YES;
				IPHONEOS_DEPLOYMENT_TARGET = 8.1;
				MTL_ENABLE_DEBUG_INFO = NO;
				SDKROOT = iphoneos;
				VALIDATE_PRODUCT = YES;
			};
			name = Release;
		};
		D4E859EC1A7F188600F4DE19 /* Debug */ = {
			isa = XCBuildConfiguration;
			buildSettings = {
				ASSETCATALOG_COMPILER_APPICON_NAME = AppIcon;
				INFOPLIST_FILE = "Cai Su Shu/Info.plist";
				LD_RUNPATH_SEARCH_PATHS = "$(inherited) @executable_path/Frameworks";
				PRODUCT_NAME = "$(TARGET_NAME)";
			};
			name = Debug;
		};
		D4E859ED1A7F188600F4DE19 /* Release */ = {
			isa = XCBuildConfiguration;
			buildSettings = {
				ASSETCATALOG_COMPILER_APPICON_NAME = AppIcon;
				INFOPLIST_FILE = "Cai Su Shu/Info.plist";
				LD_RUNPATH_SEARCH_PATHS = "$(inherited) @executable_path/Frameworks";
				PRODUCT_NAME = "$(TARGET_NAME)";
			};
			name = Release;
		};
		D4E859EF1A7F188600F4DE19 /* Debug */ = {
			isa = XCBuildConfiguration;
			buildSettings = {
				BUNDLE_LOADER = "$(TEST_HOST)";
				FRAMEWORK_SEARCH_PATHS = (
					"$(SDKROOT)/Developer/Library/Frameworks",
					"$(inherited)",
				);
				GCC_PREPROCESSOR_DEFINITIONS = (
					"DEBUG=1",
					"$(inherited)",
				);
				INFOPLIST_FILE = "Cai Su ShuTests/Info.plist";
				LD_RUNPATH_SEARCH_PATHS = "$(inherited) @executable_path/Frameworks @loader_path/Frameworks";
				PRODUCT_NAME = "$(TARGET_NAME)";
				TEST_HOST = "$(BUILT_PRODUCTS_DIR)/Cai Su Shu.app/Cai Su Shu";
			};
			name = Debug;
		};
		D4E859F01A7F188600F4DE19 /* Release */ = {
			isa = XCBuildConfiguration;
			buildSettings = {
				BUNDLE_LOADER = "$(TEST_HOST)";
				FRAMEWORK_SEARCH_PATHS = (
					"$(SDKROOT)/Developer/Library/Frameworks",
					"$(inherited)",
				);
				INFOPLIST_FILE = "Cai Su ShuTests/Info.plist";
				LD_RUNPATH_SEARCH_PATHS = "$(inherited) @executable_path/Frameworks @loader_path/Frameworks";
				PRODUCT_NAME = "$(TARGET_NAME)";
				TEST_HOST = "$(BUILT_PRODUCTS_DIR)/Cai Su Shu.app/Cai Su Shu";
			};
			name = Release;
		};
/* End XCBuildConfiguration section */

/* Begin XCConfigurationList section */
		D4E859C71A7F188600F4DE19 /* Build configuration list for PBXProject "Cai Su Shu" */ = {
			isa = XCConfigurationList;
			buildConfigurations = (
				D4E859E91A7F188600F4DE19 /* Debug */,
				D4E859EA1A7F188600F4DE19 /* Release */,
			);
			defaultConfigurationIsVisible = 0;
			defaultConfigurationName = Release;
		};
		D4E859EB1A7F188600F4DE19 /* Build configuration list for PBXNativeTarget "Cai Su Shu" */ = {
			isa = XCConfigurationList;
			buildConfigurations = (
				D4E859EC1A7F188600F4DE19 /* Debug */,
				D4E859ED1A7F188600F4DE19 /* Release */,
			);
			defaultConfigurationIsVisible = 0;
		};
		D4E859EE1A7F188600F4DE19 /* Build configuration list for PBXNativeTarget "Cai Su ShuTests" */ = {
			isa = XCConfigurationList;
			buildConfigurations = (
				D4E859EF1A7F188600F4DE19 /* Debug */,
				D4E859F01A7F188600F4DE19 /* Release */,
			);
			defaultConfigurationIsVisible = 0;
		};
/* End XCConfigurationList section */
	};
	rootObject = D4E859C41A7F188600F4DE19 /* Project object */;
}
